// !$*UTF8*$!
{
	archiveVersion = 1;
	classes = {
	};
	objectVersion = 46;
	objects = {

/* Begin PBXBuildFile section */
		8A0DB4AE17EC358100982CCB /* Foundation.framework in Frameworks */ = {isa = PBXBuildFile; fileRef = 8A0DB4AD17EC358100982CCB /* Foundation.framework */; };
		8A0DB4B017EC358100982CCB /* CoreGraphics.framework in Frameworks */ = {isa = PBXBuildFile; fileRef = 8A0DB4AF17EC358100982CCB /* CoreGraphics.framework */; };
		8A0DB4B217EC358100982CCB /* UIKit.framework in Frameworks */ = {isa = PBXBuildFile; fileRef = 8A0DB4B117EC358100982CCB /* UIKit.framework */; };
		8A0DB4B817EC358100982CCB /* InfoPlist.strings in Resources */ = {isa = PBXBuildFile; fileRef = 8A0DB4B617EC358100982CCB /* InfoPlist.strings */; };
		8A0DB4BA17EC358100982CCB /* main.m in Sources */ = {isa = PBXBuildFile; fileRef = 8A0DB4B917EC358100982CCB /* main.m */; };
		8A0DB4BE17EC358100982CCB /* WFAppDelegate.m in Sources */ = {isa = PBXBuildFile; fileRef = 8A0DB4BD17EC358100982CCB /* WFAppDelegate.m */; };
		8A0DB4C117EC358100982CCB /* Main.storyboard in Resources */ = {isa = PBXBuildFile; fileRef = 8A0DB4BF17EC358100982CCB /* Main.storyboard */; };
		8A0DB4C417EC358100982CCB /* WFViewController.m in Sources */ = {isa = PBXBuildFile; fileRef = 8A0DB4C317EC358100982CCB /* WFViewController.m */; };
		8A0DB4C617EC358100982CCB /* Images.xcassets in Resources */ = {isa = PBXBuildFile; fileRef = 8A0DB4C517EC358100982CCB /* Images.xcassets */; };
		8A0DB4CD17EC358100982CCB /* XCTest.framework in Frameworks */ = {isa = PBXBuildFile; fileRef = 8A0DB4CC17EC358100982CCB /* XCTest.framework */; };
		8A0DB4CE17EC358100982CCB /* Foundation.framework in Frameworks */ = {isa = PBXBuildFile; fileRef = 8A0DB4AD17EC358100982CCB /* Foundation.framework */; };
		8A0DB4CF17EC358100982CCB /* UIKit.framework in Frameworks */ = {isa = PBXBuildFile; fileRef = 8A0DB4B117EC358100982CCB /* UIKit.framework */; };
		8A0DB4D717EC358100982CCB /* InfoPlist.strings in Resources */ = {isa = PBXBuildFile; fileRef = 8A0DB4D517EC358100982CCB /* InfoPlist.strings */; };
		8A0DB4D917EC358100982CCB /* PickerViewSampleTests.m in Sources */ = {isa = PBXBuildFile; fileRef = 8A0DB4D817EC358100982CCB /* PickerViewSampleTests.m */; };
/* End PBXBuildFile section */

/* Begin PBXContainerItemProxy section */
		8A0DB4D017EC358100982CCB /* PBXContainerItemProxy */ = {
			isa = PBXContainerItemProxy;
			containerPortal = 8A0DB4A217EC358100982CCB /* Project object */;
			proxyType = 1;
			remoteGlobalIDString = 8A0DB4A917EC358100982CCB;
			remoteInfo = PickerViewSample;
		};
/* End PBXContainerItemProxy section */

/* Begin PBXFileReference section */
		8A0DB4AA17EC358100982CCB /* PickerViewSample.app */ = {isa = PBXFileReference; explicitFileType = wrapper.application; includeInIndex = 0; path = PickerViewSample.app; sourceTree = BUILT_PRODUCTS_DIR; };
		8A0DB4AD17EC358100982CCB /* Foundation.framework */ = {isa = PBXFileReference; lastKnownFileType = wrapper.framework; name = Foundation.framework; path = System/Library/Frameworks/Foundation.framework; sourceTree = SDKROOT; };
		8A0DB4AF17EC358100982CCB /* CoreGraphics.framework */ = {isa = PBXFileReference; lastKnownFileType = wrapper.framework; name = CoreGraphics.framework; path = System/Library/Frameworks/CoreGraphics.framework; sourceTree = SDKROOT; };
		8A0DB4B117EC358100982CCB /* UIKit.framework */ = {isa = PBXFileReference; lastKnownFileType = wrapper.framework; name = UIKit.framework; path = System/Library/Frameworks/UIKit.framework; sourceTree = SDKROOT; };
		8A0DB4B517EC358100982CCB /* PickerViewSample-Info.plist */ = {isa = PBXFileReference; lastKnownFileType = text.plist.xml; path = "PickerViewSample-Info.plist"; sourceTree = "<group>"; };
		8A0DB4B717EC358100982CCB /* en */ = {isa = PBXFileReference; lastKnownFileType = text.plist.strings; name = en; path = en.lproj/InfoPlist.strings; sourceTree = "<group>"; };
		8A0DB4B917EC358100982CCB /* main.m */ = {isa = PBXFileReference; lastKnownFileType = sourcecode.c.objc; path = main.m; sourceTree = "<group>"; };
		8A0DB4BB17EC358100982CCB /* PickerViewSample-Prefix.pch */ = {isa = PBXFileReference; lastKnownFileType = sourcecode.c.h; path = "PickerViewSample-Prefix.pch"; sourceTree = "<group>"; };
		8A0DB4BC17EC358100982CCB /* WFAppDelegate.h */ = {isa = PBXFileReference; lastKnownFileType = sourcecode.c.h; path = WFAppDelegate.h; sourceTree = "<group>"; };
		8A0DB4BD17EC358100982CCB /* WFAppDelegate.m */ = {isa = PBXFileReference; lastKnownFileType = sourcecode.c.objc; path = WFAppDelegate.m; sourceTree = "<group>"; };
		8A0DB4C017EC358100982CCB /* Base */ = {isa = PBXFileReference; lastKnownFileType = file.storyboard; name = Base; path = Base.lproj/Main.storyboard; sourceTree = "<group>"; };
		8A0DB4C217EC358100982CCB /* WFViewController.h */ = {isa = PBXFileReference; lastKnownFileType = sourcecode.c.h; path = WFViewController.h; sourceTree = "<group>"; };
		8A0DB4C317EC358100982CCB /* WFViewController.m */ = {isa = PBXFileReference; lastKnownFileType = sourcecode.c.objc; path = WFViewController.m; sourceTree = "<group>"; };
		8A0DB4C517EC358100982CCB /* Images.xcassets */ = {isa = PBXFileReference; lastKnownFileType = folder.assetcatalog; path = Images.xcassets; sourceTree = "<group>"; };
		8A0DB4CB17EC358100982CCB /* PickerViewSampleTests.xctest */ = {isa = PBXFileReference; explicitFileType = wrapper.cfbundle; includeInIndex = 0; path = PickerViewSampleTests.xctest; sourceTree = BUILT_PRODUCTS_DIR; };
		8A0DB4CC17EC358100982CCB /* XCTest.framework */ = {isa = PBXFileReference; lastKnownFileType = wrapper.framework; name = XCTest.framework; path = Library/Frameworks/XCTest.framework; sourceTree = DEVELOPER_DIR; };
		8A0DB4D417EC358100982CCB /* PickerViewSampleTests-Info.plist */ = {isa = PBXFileReference; lastKnownFileType = text.plist.xml; path = "PickerViewSampleTests-Info.plist"; sourceTree = "<group>"; };
		8A0DB4D617EC358100982CCB /* en */ = {isa = PBXFileReference; lastKnownFileType = text.plist.strings; name = en; path = en.lproj/InfoPlist.strings; sourceTree = "<group>"; };
		8A0DB4D817EC358100982CCB /* PickerViewSampleTests.m */ = {isa = PBXFileReference; lastKnownFileType = sourcecode.c.objc; path = PickerViewSampleTests.m; sourceTree = "<group>"; };
/* End PBXFileReference section */

/* Begin PBXFrameworksBuildPhase section */
		8A0DB4A717EC358100982CCB /* Frameworks */ = {
			isa = PBXFrameworksBuildPhase;
			buildActionMask = 2147483647;
			files = (
				8A0DB4B017EC358100982CCB /* CoreGraphics.framework in Frameworks */,
				8A0DB4B217EC358100982CCB /* UIKit.framework in Frameworks */,
				8A0DB4AE17EC358100982CCB /* Foundation.framework in Frameworks */,
			);
			runOnlyForDeploymentPostprocessing = 0;
		};
		8A0DB4C817EC358100982CCB /* Frameworks */ = {
			isa = PBXFrameworksBuildPhase;
			buildActionMask = 2147483647;
			files = (
				8A0DB4CD17EC358100982CCB /* XCTest.framework in Frameworks */,
				8A0DB4CF17EC358100982CCB /* UIKit.framework in Frameworks */,
				8A0DB4CE17EC358100982CCB /* Foundation.framework in Frameworks */,
			);
			runOnlyForDeploymentPostprocessing = 0;
		};
/* End PBXFrameworksBuildPhase section */

/* Begin PBXGroup section */
		8A0DB4A117EC358100982CCB = {
			isa = PBXGroup;
			children = (
				8A0DB4B317EC358100982CCB /* PickerViewSample */,
				8A0DB4D217EC358100982CCB /* PickerViewSampleTests */,
				8A0DB4AC17EC358100982CCB /* Frameworks */,
				8A0DB4AB17EC358100982CCB /* Products */,
			);
			sourceTree = "<group>";
		};
		8A0DB4AB17EC358100982CCB /* Products */ = {
			isa = PBXGroup;
			children = (
				8A0DB4AA17EC358100982CCB /* PickerViewSample.app */,
				8A0DB4CB17EC358100982CCB /* PickerViewSampleTests.xctest */,
			);
			name = Products;
			sourceTree = "<group>";
		};
		8A0DB4AC17EC358100982CCB /* Frameworks */ = {
			isa = PBXGroup;
			children = (
				8A0DB4AD17EC358100982CCB /* Foundation.framework */,
				8A0DB4AF17EC358100982CCB /* CoreGraphics.framework */,
				8A0DB4B117EC358100982CCB /* UIKit.framework */,
				8A0DB4CC17EC358100982CCB /* XCTest.framework */,
			);
			name = Frameworks;
			sourceTree = "<group>";
		};
		8A0DB4B317EC358100982CCB /* PickerViewSample */ = {
			isa = PBXGroup;
			children = (
				8A0DB4BC17EC358100982CCB /* WFAppDelegate.h */,
				8A0DB4BD17EC358100982CCB /* WFAppDelegate.m */,
				8A0DB4BF17EC358100982CCB /* Main.storyboard */,
				8A0DB4C217EC358100982CCB /* WFViewController.h */,
				8A0DB4C317EC358100982CCB /* WFViewController.m */,
				8A0DB4C517EC358100982CCB /* Images.xcassets */,
				8A0DB4B417EC358100982CCB /* Supporting Files */,
			);
			path = PickerViewSample;
			sourceTree = "<group>";
		};
		8A0DB4B417EC358100982CCB /* Supporting Files */ = {
			isa = PBXGroup;
			children = (
				8A0DB4B517EC358100982CCB /* PickerViewSample-Info.plist */,
				8A0DB4B617EC358100982CCB /* InfoPlist.strings */,
				8A0DB4B917EC358100982CCB /* main.m */,
				8A0DB4BB17EC358100982CCB /* PickerViewSample-Prefix.pch */,
			);
			name = "Supporting Files";
			sourceTree = "<group>";
		};
		8A0DB4D217EC358100982CCB /* PickerViewSampleTests */ = {
			isa = PBXGroup;
			children = (
				8A0DB4D817EC358100982CCB /* PickerViewSampleTests.m */,
				8A0DB4D317EC358100982CCB /* Supporting Files */,
			);
			path = PickerViewSampleTests;
			sourceTree = "<group>";
		};
		8A0DB4D317EC358100982CCB /* Supporting Files */ = {
			isa = PBXGroup;
			children = (
				8A0DB4D417EC358100982CCB /* PickerViewSampleTests-Info.plist */,
				8A0DB4D517EC358100982CCB /* InfoPlist.strings */,
			);
			name = "Supporting Files";
			sourceTree = "<group>";
		};
/* End PBXGroup section */

/* Begin PBXNativeTarget section */
		8A0DB4A917EC358100982CCB /* PickerViewSample */ = {
			isa = PBXNativeTarget;
			buildConfigurationList = 8A0DB4DC17EC358100982CCB /* Build configuration list for PBXNativeTarget "PickerViewSample" */;
			buildPhases = (
				8A0DB4A617EC358100982CCB /* Sources */,
				8A0DB4A717EC358100982CCB /* Frameworks */,
				8A0DB4A817EC358100982CCB /* Resources */,
			);
			buildRules = (
			);
			dependencies = (
			);
			name = PickerViewSample;
			productName = PickerViewSample;
			productReference = 8A0DB4AA17EC358100982CCB /* PickerViewSample.app */;
			productType = "com.apple.product-type.application";
		};
		8A0DB4CA17EC358100982CCB /* PickerViewSampleTests */ = {
			isa = PBXNativeTarget;
			buildConfigurationList = 8A0DB4DF17EC358100982CCB /* Build configuration list for PBXNativeTarget "PickerViewSampleTests" */;
			buildPhases = (
				8A0DB4C717EC358100982CCB /* Sources */,
				8A0DB4C817EC358100982CCB /* Frameworks */,
				8A0DB4C917EC358100982CCB /* Resources */,
			);
			buildRules = (
			);
			dependencies = (
				8A0DB4D117EC358100982CCB /* PBXTargetDependency */,
			);
			name = PickerViewSampleTests;
			productName = PickerViewSampleTests;
			productReference = 8A0DB4CB17EC358100982CCB /* PickerViewSampleTests.xctest */;
			productType = "com.apple.product-type.bundle.unit-test";
		};
/* End PBXNativeTarget section */

/* Begin PBXProject section */
		8A0DB4A217EC358100982CCB /* Project object */ = {
			isa = PBXProject;
			attributes = {
				CLASSPREFIX = WF;
				LastUpgradeCheck = 0500;
				ORGANIZATIONNAME = Duger;
				TargetAttributes = {
					8A0DB4CA17EC358100982CCB = {
						TestTargetID = 8A0DB4A917EC358100982CCB;
					};
				};
			};
			buildConfigurationList = 8A0DB4A517EC358100982CCB /* Build configuration list for PBXProject "PickerViewSample" */;
			compatibilityVersion = "Xcode 3.2";
			developmentRegion = English;
			hasScannedForEncodings = 0;
			knownRegions = (
				en,
				Base,
			);
			mainGroup = 8A0DB4A117EC358100982CCB;
			productRefGroup = 8A0DB4AB17EC358100982CCB /* Products */;
			projectDirPath = "";
			projectRoot = "";
			targets = (
				8A0DB4A917EC358100982CCB /* PickerViewSample */,
				8A0DB4CA17EC358100982CCB /* PickerViewSampleTests */,
			);
		};
/* End PBXProject section */

/* Begin PBXResourcesBuildPhase section */
		8A0DB4A817EC358100982CCB /* Resources */ = {
			isa = PBXResourcesBuildPhase;
			buildActionMask = 2147483647;
			files = (
				8A0DB4C617EC358100982CCB /* Images.xcassets in Resources */,
				8A0DB4B817EC358100982CCB /* InfoPlist.strings in Resources */,
				8A0DB4C117EC358100982CCB /* Main.storyboard in Resources */,
			);
			runOnlyForDeploymentPostprocessing = 0;
		};
		8A0DB4C917EC358100982CCB /* Resources */ = {
			isa = PBXResourcesBuildPhase;
			buildActionMask = 2147483647;
			files = (
				8A0DB4D717EC358100982CCB /* InfoPlist.strings in Resources */,
			);
			runOnlyForDeploymentPostprocessing = 0;
		};
/* End PBXResourcesBuildPhase section */

/* Begin PBXSourcesBuildPhase section */
		8A0DB4A617EC358100982CCB /* Sources */ = {
			isa = PBXSourcesBuildPhase;
			buildActionMask = 2147483647;
			files = (
				8A0DB4C417EC358100982CCB /* WFViewController.m in Sources */,
				8A0DB4BA17EC358100982CCB /* main.m in Sources */,
				8A0DB4BE17EC358100982CCB /* WFAppDelegate.m in Sources */,
			);
			runOnlyForDeploymentPostprocessing = 0;
		};
		8A0DB4C717EC358100982CCB /* Sources */ = {
			isa = PBXSourcesBuildPhase;
			buildActionMask = 2147483647;
			files = (
				8A0DB4D917EC358100982CCB /* PickerViewSampleTests.m in Sources */,
			);
			runOnlyForDeploymentPostprocessing = 0;
		};
/* End PBXSourcesBuildPhase section */

/* Begin PBXTargetDependency section */
		8A0DB4D117EC358100982CCB /* PBXTargetDependency */ = {
			isa = PBXTargetDependency;
			target = 8A0DB4A917EC358100982CCB /* PickerViewSample */;
			targetProxy = 8A0DB4D017EC358100982CCB /* PBXContainerItemProxy */;
		};
/* End PBXTargetDependency section */

/* Begin PBXVariantGroup section */
		8A0DB4B617EC358100982CCB /* InfoPlist.strings */ = {
			isa = PBXVariantGroup;
			children = (
				8A0DB4B717EC358100982CCB /* en */,
			);
			name = InfoPlist.strings;
			sourceTree = "<group>";
		};
		8A0DB4BF17EC358100982CCB /* Main.storyboard */ = {
			isa = PBXVariantGroup;
			children = (
				8A0DB4C017EC358100982CCB /* Base */,
			);
			name = Main.storyboard;
			sourceTree = "<group>";
		};
		8A0DB4D517EC358100982CCB /* InfoPlist.strings */ = {
			isa = PBXVariantGroup;
			children = (
				8A0DB4D617EC358100982CCB /* en */,
			);
			name = InfoPlist.strings;
			sourceTree = "<group>";
		};
/* End PBXVariantGroup section */

/* Begin XCBuildConfiguration section */
		8A0DB4DA17EC358100982CCB /* Debug */ = {
			isa = XCBuildConfiguration;
			buildSettings = {
				ALWAYS_SEARCH_USER_PATHS = NO;
				ARCHS = "$(ARCHS_STANDARD_INCLUDING_64_BIT)";
				CLANG_CXX_LANGUAGE_STANDARD = "gnu++0x";
				CLANG_CXX_LIBRARY = "libc++";
				CLANG_ENABLE_MODULES = YES;
				CLANG_ENABLE_OBJC_ARC = YES;
				CLANG_WARN_BOOL_CONVERSION = YES;
				CLANG_WARN_CONSTANT_CONVERSION = YES;
				CLANG_WARN_DIRECT_OBJC_ISA_USAGE = YES_ERROR;
				CLANG_WARN_EMPTY_BODY = YES;
				CLANG_WARN_ENUM_CONVERSION = YES;
				CLANG_WARN_INT_CONVERSION = YES;
				CLANG_WARN_OBJC_ROOT_CLASS = YES_ERROR;
				CLANG_WARN__DUPLICATE_METHOD_MATCH = YES;
				"CODE_SIGN_IDENTITY[sdk=iphoneos*]" = "iPhone Developer";
				COPY_PHASE_STRIP = NO;
				GCC_C_LANGUAGE_STANDARD = gnu99;
				GCC_DYNAMIC_NO_PIC = NO;
				GCC_OPTIMIZATION_LEVEL = 0;
				GCC_PREPROCESSOR_DEFINITIONS = (
					"DEBUG=1",
					"$(inherited)",
				);
				GCC_SYMBOLS_PRIVATE_EXTERN = NO;
				GCC_WARN_64_TO_32_BIT_CONVERSION = YES;
				GCC_WARN_ABOUT_RETURN_TYPE = YES_ERROR;
				GCC_WARN_UNDECLARED_SELECTOR = YES;
				GCC_WARN_UNINITIALIZED_AUTOS = YES;
				GCC_WARN_UNUSED_FUNCTION = YES;
				GCC_WARN_UNUSED_VARIABLE = YES;
				IPHONEOS_DEPLOYMENT_TARGET = 7.0;
				ONLY_ACTIVE_ARCH = YES;
				SDKROOT = iphoneos;
			};
			name = Debug;
		};
		8A0DB4DB17EC358100982CCB /* Release */ = {
			isa = XCBuildConfiguration;
			buildSettings = {
				ALWAYS_SEARCH_USER_PATHS = NO;
				ARCHS = "$(ARCHS_STANDARD_INCLUDING_64_BIT)";
				CLANG_CXX_LANGUAGE_STANDARD = "gnu++0x";
				CLANG_CXX_LIBRARY = "libc++";
				CLANG_ENABLE_MODULES = YES;
				CLANG_ENABLE_OBJC_ARC = YES;
				CLANG_WARN_BOOL_CONVERSION = YES;
				CLANG_WARN_CONSTANT_CONVERSION = YES;
				CLANG_WARN_DIRECT_OBJC_ISA_USAGE = YES_ERROR;
				CLANG_WARN_EMPTY_BODY = YES;
				CLANG_WARN_ENUM_CONVERSION = YES;
				CLANG_WARN_INT_CONVERSION = YES;
				CLANG_WARN_OBJC_ROOT_CLASS = YES_ERROR;
				CLANG_WARN__DUPLICATE_METHOD_MATCH = YES;
				"CODE_SIGN_IDENTITY[sdk=iphoneos*]" = "iPhone Developer";
				COPY_PHASE_STRIP = YES;
				ENABLE_NS_ASSERTIONS = NO;
				GCC_C_LANGUAGE_STANDARD = gnu99;
				GCC_WARN_64_TO_32_BIT_CONVERSION = YES;
				GCC_WARN_ABOUT_RETURN_TYPE = YES_ERROR;
				GCC_WARN_UNDECLARED_SELECTOR = YES;
				GCC_WARN_UNINITIALIZED_AUTOS = YES;
				GCC_WARN_UNUSED_FUNCTION = YES;
				GCC_WARN_UNUSED_VARIABLE = YES;
				IPHONEOS_DEPLOYMENT_TARGET = 7.0;
				SDKROOT = iphoneos;
				VALIDATE_PRODUCT = YES;
			};
			name = Release;
		};
		8A0DB4DD17EC358100982CCB /* Debug */ = {
			isa = XCBuildConfiguration;
			buildSettings = {
				ASSETCATALOG_COMPILER_APPICON_NAME = AppIcon;
				ASSETCATALOG_COMPILER_LAUNCHIMAGE_NAME = LaunchImage;
				CLANG_ENABLE_OBJC_ARC = YES;
				GCC_PRECOMPILE_PREFIX_HEADER = YES;
				GCC_PREFIX_HEADER = "PickerViewSample/PickerViewSample-Prefix.pch";
				INFOPLIST_FILE = "PickerViewSample/PickerViewSample-Info.plist";
				IPHONEOS_DEPLOYMENT_TARGET = 7.0;
				PRODUCT_NAME = "$(TARGET_NAME)";
				WRAPPER_EXTENSION = app;
			};
			name = Debug;
		};
		8A0DB4DE17EC358100982CCB /* Release */ = {
			isa = XCBuildConfiguration;
			buildSettings = {
				ASSETCATALOG_COMPILER_APPICON_NAME = AppIcon;
				ASSETCATALOG_COMPILER_LAUNCHIMAGE_NAME = LaunchImage;
				CLANG_ENABLE_OBJC_ARC = YES;
				GCC_PRECOMPILE_PREFIX_HEADER = YES;
				GCC_PREFIX_HEADER = "PickerViewSample/PickerViewSample-Prefix.pch";
				INFOPLIST_FILE = "PickerViewSample/PickerViewSample-Info.plist";
				IPHONEOS_DEPLOYMENT_TARGET = 7.0;
				PRODUCT_NAME = "$(TARGET_NAME)";
				WRAPPER_EXTENSION = app;
			};
			name = Release;
		};
		8A0DB4E017EC358100982CCB /* Debug */ = {
			isa = XCBuildConfiguration;
			buildSettings = {
				ARCHS = "$(ARCHS_STANDARD_INCLUDING_64_BIT)";
				BUNDLE_LOADER = "$(BUILT_PRODUCTS_DIR)/PickerViewSample.app/PickerViewSample";
				FRAMEWORK_SEARCH_PATHS = (
					"$(SDKROOT)/Developer/Library/Frameworks",
					"$(inherited)",
					"$(DEVELOPER_FRAMEWORKS_DIR)",
				);
				GCC_PRECOMPILE_PREFIX_HEADER = YES;
				GCC_PREFIX_HEADER = "PickerViewSample/PickerViewSample-Prefix.pch";
				GCC_PREPROCESSOR_DEFINITIONS = (
					"DEBUG=1",
					"$(inherited)",
				);
				INFOPLIST_FILE = "PickerViewSampleTests/PickerViewSampleTests-Info.plist";
				PRODUCT_NAME = "$(TARGET_NAME)";
				TEST_HOST = "$(BUNDLE_LOADER)";
				WRAPPER_EXTENSION = xctest;
			};
			name = Debug;
		};
		8A0DB4E117EC358100982CCB /* Release */ = {
			isa = XCBuildConfiguration;
			buildSettings = {
				ARCHS = "$(ARCHS_STANDARD_INCLUDING_64_BIT)";
				BUNDLE_LOADER = "$(BUILT_PRODUCTS_DIR)/PickerViewSample.app/PickerViewSample";
				FRAMEWORK_SEARCH_PATHS = (
					"$(SDKROOT)/Developer/Library/Frameworks",
					"$(inherited)",
					"$(DEVELOPER_FRAMEWORKS_DIR)",
				);
				GCC_PRECOMPILE_PREFIX_HEADER = YES;
				GCC_PREFIX_HEADER = "PickerViewSample/PickerViewSample-Prefix.pch";
				INFOPLIST_FILE = "PickerViewSampleTests/PickerViewSampleTests-Info.plist";
				PRODUCT_NAME = "$(TARGET_NAME)";
				TEST_HOST = "$(BUNDLE_LOADER)";
				WRAPPER_EXTENSION = xctest;
			};
			name = Release;
		};
/* End XCBuildConfiguration section */

/* Begin XCConfigurationList section */
		8A0DB4A517EC358100982CCB /* Build configuration list for PBXProject "PickerViewSample" */ = {
			isa = XCConfigurationList;
			buildConfigurations = (
				8A0DB4DA17EC358100982CCB /* Debug */,
				8A0DB4DB17EC358100982CCB /* Release */,
			);
			defaultConfigurationIsVisible = 0;
			defaultConfigurationName = Release;
		};
		8A0DB4DC17EC358100982CCB /* Build configuration list for PBXNativeTarget "PickerViewSample" */ = {
			isa = XCConfigurationList;
			buildConfigurations = (
				8A0DB4DD17EC358100982CCB /* Debug */,
				8A0DB4DE17EC358100982CCB /* Release */,
			);
			defaultConfigurationIsVisible = 0;
		};
		8A0DB4DF17EC358100982CCB /* Build configuration list for PBXNativeTarget "PickerViewSampleTests" */ = {
			isa = XCConfigurationList;
			buildConfigurations = (
				8A0DB4E017EC358100982CCB /* Debug */,
				8A0DB4E117EC358100982CCB /* Release */,
			);
			defaultConfigurationIsVisible = 0;
		};
/* End XCConfigurationList section */
	};
	rootObject = 8A0DB4A217EC358100982CCB /* Project object */;
}
